
Microsoft Visual Studio Solution File, Format Version 12.00
Project("{FAE04EC0-301F-11D3-BF4B-00C04F79EFBC}") = "WeatherForecastSvc.Endpoint", "WeatherForecastSvc.Endpoint\WeatherForecastSvc.Endpoint.csproj", "{C20873FE-9F99-404E-9932-D7E136091816}"
EndProject
Project("{FAE04EC0-301F-11D3-BF4B-00C04F79EFBC}") = "WeatherForecastSvc.Persistence", "WeatherForecastSvc.Persistence\WeatherForecastSvc.Persistence.csproj", "{E3AB5477-9B66-4D3B-9679-21F7B5CD2B85}"
EndProject
Project("{FAE04EC0-301F-11D3-BF4B-00C04F79EFBC}") = "WeatherForecastDataCollector", "WeatherForecastDataCollector\WeatherForecastDataCollector.csproj", "{D11F6265-A2F5-4094-8E13-EEECF029D86A}"
EndProject
Project("{FAE04EC0-301F-11D3-BF4B-00C04F79EFBC}") = "WeatherUI", "WeatherUI\WeatherUI.csproj", "{B79F9DC2-0817-4CF9-82AA-D91917730AFF}"
EndProject
Project("{FAE04EC0-301F-11D3-BF4B-00C04F79EFBC}") = "WeatherForecastSvc.Endpoint.Dto", "WeatherForecastSvc.Endpoint.Dto\WeatherForecastSvc.Endpoint.Dto.csproj", "{B2ECD1EE-226E-4C4F-BF5D-74C114378C36}"
EndProject
Project("{FAE04EC0-301F-11D3-BF4B-00C04F79EFBC}") = "WeatherForecastSvc.Endpoint.Proto", "WeatherForecastSvc.Endpoint.Proto\WeatherForecastSvc.Endpoint.Proto.csproj", "{CD2287F8-8F3A-45D3-8612-77CAE2087F9C}"
EndProject
Global
	GlobalSection(SolutionConfigurationPlatforms) = preSolution
		Debug|Any CPU = Debug|Any CPU
		Release|Any CPU = Release|Any CPU
	EndGlobalSection
	GlobalSection(ProjectConfigurationPlatforms) = postSolution
		{C20873FE-9F99-404E-9932-D7E136091816}.Debug|Any CPU.ActiveCfg = Debug|Any CPU
		{C20873FE-9F99-404E-9932-D7E136091816}.Debug|Any CPU.Build.0 = Debug|Any CPU
		{C20873FE-9F99-404E-9932-D7E136091816}.Release|Any CPU.ActiveCfg = Release|Any CPU
		{C20873FE-9F99-404E-9932-D7E136091816}.Release|Any CPU.Build.0 = Release|Any CPU
		{E3AB5477-9B66-4D3B-9679-21F7B5CD2B85}.Debug|Any CPU.ActiveCfg = Debug|Any CPU
		{E3AB5477-9B66-4D3B-9679-21F7B5CD2B85}.Debug|Any CPU.Build.0 = Debug|Any CPU
		{E3AB5477-9B66-4D3B-9679-21F7B5CD2B85}.Release|Any CPU.ActiveCfg = Release|Any CPU
		{E3AB5477-9B66-4D3B-9679-21F7B5CD2B85}.Release|Any CPU.Build.0 = Release|Any CPU
		{D11F6265-A2F5-4094-8E13-EEECF029D86A}.Debug|Any CPU.ActiveCfg = Debug|Any CPU
		{D11F6265-A2F5-4094-8E13-EEECF029D86A}.Debug|Any CPU.Build.0 = Debug|Any CPU
		{D11F6265-A2F5-4094-8E13-EEECF029D86A}.Release|Any CPU.ActiveCfg = Release|Any CPU
		{D11F6265-A2F5-4094-8E13-EEECF029D86A}.Release|Any CPU.Build.0 = Release|Any CPU
		{B79F9DC2-0817-4CF9-82AA-D91917730AFF}.Debug|Any CPU.ActiveCfg = Debug|Any CPU
		{B79F9DC2-0817-4CF9-82AA-D91917730AFF}.Debug|Any CPU.Build.0 = Debug|Any CPU
		{B79F9DC2-0817-4CF9-82AA-D91917730AFF}.Release|Any CPU.ActiveCfg = Release|Any CPU
		{B79F9DC2-0817-4CF9-82AA-D91917730AFF}.Release|Any CPU.Build.0 = Release|Any CPU
		{B2ECD1EE-226E-4C4F-BF5D-74C114378C36}.Debug|Any CPU.ActiveCfg = Debug|Any CPU
		{B2ECD1EE-226E-4C4F-BF5D-74C114378C36}.Debug|Any CPU.Build.0 = Debug|Any CPU
		{B2ECD1EE-226E-4C4F-BF5D-74C114378C36}.Release|Any CPU.ActiveCfg = Release|Any CPU
		{B2ECD1EE-226E-4C4F-BF5D-74C114378C36}.Release|Any CPU.Build.0 = Release|Any CPU
		{CD2287F8-8F3A-45D3-8612-77CAE2087F9C}.Debug|Any CPU.ActiveCfg = Debug|Any CPU
		{CD2287F8-8F3A-45D3-8612-77CAE2087F9C}.Debug|Any CPU.Build.0 = Debug|Any CPU
		{CD2287F8-8F3A-45D3-8612-77CAE2087F9C}.Release|Any CPU.ActiveCfg = Release|Any CPU
		{CD2287F8-8F3A-45D3-8612-77CAE2087F9C}.Release|Any CPU.Build.0 = Release|Any CPU
	EndGlobalSection
EndGlobal
